
Microsoft Visual Studio Solution File, Format Version 12.00
# Visual Studio Version 16
VisualStudioVersion = 16.0.31005.135
MinimumVisualStudioVersion = 15.0.26124.0
Project("{2150E333-8FDC-42A3-9474-1A3956D46DE8}") = "src", "src", "{CF762E33-54B1-437F-A26C-A6848172E7B4}"
EndProject
Project("{2150E333-8FDC-42A3-9474-1A3956D46DE8}") = "tests", "tests", "{BC5AC70D-EA9C-4666-A996-0F1667EBE3EA}"
EndProject
Project("{2150E333-8FDC-42A3-9474-1A3956D46DE8}") = "Application", "Application", "{78349A5F-3634-44EA-86F0-7F171C22784F}"
EndProject
Project("{FAE04EC0-301F-11D3-BF4B-00C04F79EFBC}") = "ApplicationLayer", "src\Application\ApplicationLayer\ApplicationLayer.csproj", "{4BD8B711-D5C8-435F-8E5A-26B2FFBB4E6C}"
EndProject
Global
	GlobalSection(SolutionConfigurationPlatforms) = preSolution
		Debug|Any CPU = Debug|Any CPU
		Debug|x64 = Debug|x64
		Debug|x86 = Debug|x86
		Release|Any CPU = Release|Any CPU
		Release|x64 = Release|x64
		Release|x86 = Release|x86
	EndGlobalSection
	GlobalSection(ProjectConfigurationPlatforms) = postSolution
		{4BD8B711-D5C8-435F-8E5A-26B2FFBB4E6C}.Debug|Any CPU.ActiveCfg = Debug|Any CPU
		{4BD8B711-D5C8-435F-8E5A-26B2FFBB4E6C}.Debug|Any CPU.Build.0 = Debug|Any CPU
		{4BD8B711-D5C8-435F-8E5A-26B2FFBB4E6C}.Debug|x64.ActiveCfg = Debug|Any CPU
		{4BD8B711-D5C8-435F-8E5A-26B2FFBB4E6C}.Debug|x64.Build.0 = Debug|Any CPU
		{4BD8B711-D5C8-435F-8E5A-26B2FFBB4E6C}.Debug|x86.ActiveCfg = Debug|Any CPU
		{4BD8B711-D5C8-435F-8E5A-26B2FFBB4E6C}.Debug|x86.Build.0 = Debug|Any CPU
		{4BD8B711-D5C8-435F-8E5A-26B2FFBB4E6C}.Release|Any CPU.ActiveCfg = Release|Any CPU
		{4BD8B711-D5C8-435F-8E5A-26B2FFBB4E6C}.Release|Any CPU.Build.0 = Release|Any CPU
		{4BD8B711-D5C8-435F-8E5A-26B2FFBB4E6C}.Release|x64.ActiveCfg = Release|Any CPU
		{4BD8B711-D5C8-435F-8E5A-26B2FFBB4E6C}.Release|x64.Build.0 = Release|Any CPU
		{4BD8B711-D5C8-435F-8E5A-26B2FFBB4E6C}.Release|x86.ActiveCfg = Release|Any CPU
		{4BD8B711-D5C8-435F-8E5A-26B2FFBB4E6C}.Release|x86.Build.0 = Release|Any CPU
	EndGlobalSection
	GlobalSection(SolutionProperties) = preSolution
		HideSolutionNode = FALSE
	EndGlobalSection
	GlobalSection(NestedProjects) = preSolution
		{78349A5F-3634-44EA-86F0-7F171C22784F} = {CF762E33-54B1-437F-A26C-A6848172E7B4}
		{4BD8B711-D5C8-435F-8E5A-26B2FFBB4E6C} = {78349A5F-3634-44EA-86F0-7F171C22784F}
	EndGlobalSection
	GlobalSection(ExtensibilityGlobals) = postSolution
		SolutionGuid = {C430020A-C71B-41AA-B4B9-4CC1FEF7C24D}
	EndGlobalSection
EndGlobal
